// !$*UTF8*$!
{
	archiveVersion = 1;
	classes = {
	};
	objectVersion = 50;
	objects = {

/* Begin PBXBuildFile section */
		3A1CF0ED22EF89A60034097A /* GameMenuViewController.swift in Sources */ = {isa = PBXBuildFile; fileRef = 3A1CF0EC22EF89A60034097A /* GameMenuViewController.swift */; };
		3A1CF0F022EFACB20034097A /* GameTableViewCell.swift in Sources */ = {isa = PBXBuildFile; fileRef = 3A1CF0EF22EFACB20034097A /* GameTableViewCell.swift */; };
		3A1DB44F22E9007F00E737DC /* AppDelegate.swift in Sources */ = {isa = PBXBuildFile; fileRef = 3A1DB44E22E9007F00E737DC /* AppDelegate.swift */; };
		3A1DB45422E9007F00E737DC /* Main.storyboard in Resources */ = {isa = PBXBuildFile; fileRef = 3A1DB45222E9007F00E737DC /* Main.storyboard */; };
		3A1DB45622E9008000E737DC /* Assets.xcassets in Resources */ = {isa = PBXBuildFile; fileRef = 3A1DB45522E9008000E737DC /* Assets.xcassets */; };
		3A1DB45922E9008000E737DC /* LaunchScreen.storyboard in Resources */ = {isa = PBXBuildFile; fileRef = 3A1DB45722E9008000E737DC /* LaunchScreen.storyboard */; };
		3A1DB46222E9087D00E737DC /* Reddit.swift in Sources */ = {isa = PBXBuildFile; fileRef = 3A1DB46122E9087D00E737DC /* Reddit.swift */; };
		3A1DB46722EA167600E737DC /* RedditController.swift in Sources */ = {isa = PBXBuildFile; fileRef = 3A1DB46622EA167600E737DC /* RedditController.swift */; };
		3A1DB46B22EA17B300E737DC /* CloudKit.framework in Frameworks */ = {isa = PBXBuildFile; fileRef = 3A1DB46A22EA17B300E737DC /* CloudKit.framework */; };
		3A1DB46D22ED123400E737DC /* GameTableViewController.swift in Sources */ = {isa = PBXBuildFile; fileRef = 3A1DB46C22ED123400E737DC /* GameTableViewController.swift */; };
		3AFE7D4822F348CE00BDECEC /* User.swift in Sources */ = {isa = PBXBuildFile; fileRef = 3AFE7D4722F348CE00BDECEC /* User.swift */; };
		3AFE7D4A22F34CA000BDECEC /* UserController.swift in Sources */ = {isa = PBXBuildFile; fileRef = 3AFE7D4922F34CA000BDECEC /* UserController.swift */; };
		3AFE7D4C22F34D4B00BDECEC /* CloudKitController.swift in Sources */ = {isa = PBXBuildFile; fileRef = 3AFE7D4B22F34D4B00BDECEC /* CloudKitController.swift */; };
		3AFE7D4E22F3818600BDECEC /* SignInViewController.swift in Sources */ = {isa = PBXBuildFile; fileRef = 3AFE7D4D22F3818600BDECEC /* SignInViewController.swift */; };
		3AFE7D5022F4A13400BDECEC /* LeaderboardTableViewCell.swift in Sources */ = {isa = PBXBuildFile; fileRef = 3AFE7D4F22F4A13400BDECEC /* LeaderboardTableViewCell.swift */; };
		3AFE7D5222F4AC3600BDECEC /* LeaderboardTableViewController.swift in Sources */ = {isa = PBXBuildFile; fileRef = 3AFE7D5122F4AC3600BDECEC /* LeaderboardTableViewController.swift */; };
		3AFE7D5422F8DD5900BDECEC /* BlockedUser.swift in Sources */ = {isa = PBXBuildFile; fileRef = 3AFE7D5322F8DD5900BDECEC /* BlockedUser.swift */; };
/* End PBXBuildFile section */

/* Begin PBXFileReference section */
		3A1CF0EC22EF89A60034097A /* GameMenuViewController.swift */ = {isa = PBXFileReference; lastKnownFileType = sourcecode.swift; path = GameMenuViewController.swift; sourceTree = "<group>"; };
		3A1CF0EF22EFACB20034097A /* GameTableViewCell.swift */ = {isa = PBXFileReference; lastKnownFileType = sourcecode.swift; path = GameTableViewCell.swift; sourceTree = "<group>"; };
		3A1DB44B22E9007F00E737DC /* Guesseddit.app */ = {isa = PBXFileReference; explicitFileType = wrapper.application; includeInIndex = 0; path = Guesseddit.app; sourceTree = BUILT_PRODUCTS_DIR; };
		3A1DB44E22E9007F00E737DC /* AppDelegate.swift */ = {isa = PBXFileReference; lastKnownFileType = sourcecode.swift; path = AppDelegate.swift; sourceTree = "<group>"; };
		3A1DB45322E9007F00E737DC /* Base */ = {isa = PBXFileReference; lastKnownFileType = file.storyboard; name = Base; path = Base.lproj/Main.storyboard; sourceTree = "<group>"; };
		3A1DB45522E9008000E737DC /* Assets.xcassets */ = {isa = PBXFileReference; lastKnownFileType = folder.assetcatalog; path = Assets.xcassets; sourceTree = "<group>"; };
		3A1DB45822E9008000E737DC /* Base */ = {isa = PBXFileReference; lastKnownFileType = file.storyboard; name = Base; path = Base.lproj/LaunchScreen.storyboard; sourceTree = "<group>"; };
		3A1DB45A22E9008000E737DC /* Info.plist */ = {isa = PBXFileReference; lastKnownFileType = text.plist.xml; path = Info.plist; sourceTree = "<group>"; };
		3A1DB46122E9087D00E737DC /* Reddit.swift */ = {isa = PBXFileReference; lastKnownFileType = sourcecode.swift; path = Reddit.swift; sourceTree = "<group>"; };
		3A1DB46622EA167600E737DC /* RedditController.swift */ = {isa = PBXFileReference; lastKnownFileType = sourcecode.swift; path = RedditController.swift; sourceTree = "<group>"; };
		3A1DB46822EA17AC00E737DC /* Guesseddit.entitlements */ = {isa = PBXFileReference; lastKnownFileType = text.plist.entitlements; path = Guesseddit.entitlements; sourceTree = "<group>"; };
		3A1DB46A22EA17B300E737DC /* CloudKit.framework */ = {isa = PBXFileReference; lastKnownFileType = wrapper.framework; name = CloudKit.framework; path = System/Library/Frameworks/CloudKit.framework; sourceTree = SDKROOT; };
		3A1DB46C22ED123400E737DC /* GameTableViewController.swift */ = {isa = PBXFileReference; lastKnownFileType = sourcecode.swift; path = GameTableViewController.swift; sourceTree = "<group>"; };
		3AFE7D4722F348CE00BDECEC /* User.swift */ = {isa = PBXFileReference; lastKnownFileType = sourcecode.swift; path = User.swift; sourceTree = "<group>"; };
		3AFE7D4922F34CA000BDECEC /* UserController.swift */ = {isa = PBXFileReference; lastKnownFileType = sourcecode.swift; path = UserController.swift; sourceTree = "<group>"; };
		3AFE7D4B22F34D4B00BDECEC /* CloudKitController.swift */ = {isa = PBXFileReference; lastKnownFileType = sourcecode.swift; path = CloudKitController.swift; sourceTree = "<group>"; };
		3AFE7D4D22F3818600BDECEC /* SignInViewController.swift */ = {isa = PBXFileReference; lastKnownFileType = sourcecode.swift; path = SignInViewController.swift; sourceTree = "<group>"; };
		3AFE7D4F22F4A13400BDECEC /* LeaderboardTableViewCell.swift */ = {isa = PBXFileReference; lastKnownFileType = sourcecode.swift; path = LeaderboardTableViewCell.swift; sourceTree = "<group>"; };
		3AFE7D5122F4AC3600BDECEC /* LeaderboardTableViewController.swift */ = {isa = PBXFileReference; lastKnownFileType = sourcecode.swift; path = LeaderboardTableViewController.swift; sourceTree = "<group>"; };
		3AFE7D5322F8DD5900BDECEC /* BlockedUser.swift */ = {isa = PBXFileReference; lastKnownFileType = sourcecode.swift; path = BlockedUser.swift; sourceTree = "<group>"; };
/* End PBXFileReference section */

/* Begin PBXFrameworksBuildPhase section */
		3A1DB44822E9007F00E737DC /* Frameworks */ = {
			isa = PBXFrameworksBuildPhase;
			buildActionMask = 2147483647;
			files = (
				3A1DB46B22EA17B300E737DC /* CloudKit.framework in Frameworks */,
			);
			runOnlyForDeploymentPostprocessing = 0;
		};
/* End PBXFrameworksBuildPhase section */

/* Begin PBXGroup section */
		3A1CF0EE22EFA90A0034097A /* CustomViews */ = {
			isa = PBXGroup;
			children = (
				3A1CF0EF22EFACB20034097A /* GameTableViewCell.swift */,
				3AFE7D4F22F4A13400BDECEC /* LeaderboardTableViewCell.swift */,
			);
			path = CustomViews;
			sourceTree = "<group>";
		};
		3A1DB44222E9007F00E737DC = {
			isa = PBXGroup;
			children = (
				3A1DB44D22E9007F00E737DC /* Guesseddit */,
				3A1DB44C22E9007F00E737DC /* Products */,
				3A1DB46922EA17B300E737DC /* Frameworks */,
			);
			sourceTree = "<group>";
		};
		3A1DB44C22E9007F00E737DC /* Products */ = {
			isa = PBXGroup;
			children = (
				3A1DB44B22E9007F00E737DC /* Guesseddit.app */,
			);
			name = Products;
			sourceTree = "<group>";
		};
		3A1DB44D22E9007F00E737DC /* Guesseddit */ = {
			isa = PBXGroup;
			children = (
				3A1DB46822EA17AC00E737DC /* Guesseddit.entitlements */,
				3A1DB46322E9088000E737DC /* Models */,
				3A1DB46422EA15DD00E737DC /* Model Controllers */,
				3A1DB46522EA15E900E737DC /* View Controllers */,
				3A1DB46022E9079E00E737DC /* Resources */,
				3A1DB45222E9007F00E737DC /* Main.storyboard */,
			);
			path = Guesseddit;
			sourceTree = "<group>";
		};
		3A1DB46022E9079E00E737DC /* Resources */ = {
			isa = PBXGroup;
			children = (
				3A1DB44E22E9007F00E737DC /* AppDelegate.swift */,
				3A1DB45522E9008000E737DC /* Assets.xcassets */,
				3A1DB45722E9008000E737DC /* LaunchScreen.storyboard */,
				3A1DB45A22E9008000E737DC /* Info.plist */,
			);
			path = Resources;
			sourceTree = "<group>";
		};
		3A1DB46322E9088000E737DC /* Models */ = {
			isa = PBXGroup;
			children = (
				3A1DB46122E9087D00E737DC /* Reddit.swift */,
				3AFE7D4722F348CE00BDECEC /* User.swift */,
				3AFE7D5322F8DD5900BDECEC /* BlockedUser.swift */,
			);
			path = Models;
			sourceTree = "<group>";
		};
		3A1DB46422EA15DD00E737DC /* Model Controllers */ = {
			isa = PBXGroup;
			children = (
				3A1DB46622EA167600E737DC /* RedditController.swift */,
				3AFE7D4922F34CA000BDECEC /* UserController.swift */,
				3AFE7D4B22F34D4B00BDECEC /* CloudKitController.swift */,
			);
			path = "Model Controllers";
			sourceTree = "<group>";
		};
		3A1DB46522EA15E900E737DC /* View Controllers */ = {
			isa = PBXGroup;
			children = (
				3A1CF0EE22EFA90A0034097A /* CustomViews */,
				3A1DB46C22ED123400E737DC /* GameTableViewController.swift */,
				3A1CF0EC22EF89A60034097A /* GameMenuViewController.swift */,
				3AFE7D4D22F3818600BDECEC /* SignInViewController.swift */,
				3AFE7D5122F4AC3600BDECEC /* LeaderboardTableViewController.swift */,
			);
			path = "View Controllers";
			sourceTree = "<group>";
		};
		3A1DB46922EA17B300E737DC /* Frameworks */ = {
			isa = PBXGroup;
			children = (
				3A1DB46A22EA17B300E737DC /* CloudKit.framework */,
			);
			name = Frameworks;
			sourceTree = "<group>";
		};
/* End PBXGroup section */

/* Begin PBXNativeTarget section */
		3A1DB44A22E9007F00E737DC /* Guesseddit */ = {
			isa = PBXNativeTarget;
			buildConfigurationList = 3A1DB45D22E9008000E737DC /* Build configuration list for PBXNativeTarget "Guesseddit" */;
			buildPhases = (
				3A1DB44722E9007F00E737DC /* Sources */,
				3A1DB44822E9007F00E737DC /* Frameworks */,
				3A1DB44922E9007F00E737DC /* Resources */,
			);
			buildRules = (
			);
			dependencies = (
			);
			name = Guesseddit;
			productName = Guesseddit;
			productReference = 3A1DB44B22E9007F00E737DC /* Guesseddit.app */;
			productType = "com.apple.product-type.application";
		};
/* End PBXNativeTarget section */

/* Begin PBXProject section */
		3A1DB44322E9007F00E737DC /* Project object */ = {
			isa = PBXProject;
			attributes = {
				LastSwiftUpdateCheck = 1030;
				LastUpgradeCheck = 1030;
				ORGANIZATIONNAME = "Drew Seeholzer";
				TargetAttributes = {
					3A1DB44A22E9007F00E737DC = {
						CreatedOnToolsVersion = 10.3;
						SystemCapabilities = {
							com.apple.Push = {
								enabled = 1;
							};
							com.apple.iCloud = {
								enabled = 1;
							};
						};
					};
				};
			};
			buildConfigurationList = 3A1DB44622E9007F00E737DC /* Build configuration list for PBXProject "Guesseddit" */;
			compatibilityVersion = "Xcode 9.3";
			developmentRegion = en;
			hasScannedForEncodings = 0;
			knownRegions = (
				en,
				Base,
			);
			mainGroup = 3A1DB44222E9007F00E737DC;
			productRefGroup = 3A1DB44C22E9007F00E737DC /* Products */;
			projectDirPath = "";
			projectRoot = "";
			targets = (
				3A1DB44A22E9007F00E737DC /* Guesseddit */,
			);
		};
/* End PBXProject section */

/* Begin PBXResourcesBuildPhase section */
		3A1DB44922E9007F00E737DC /* Resources */ = {
			isa = PBXResourcesBuildPhase;
			buildActionMask = 2147483647;
			files = (
				3A1DB45922E9008000E737DC /* LaunchScreen.storyboard in Resources */,
				3A1DB45622E9008000E737DC /* Assets.xcassets in Resources */,
				3A1DB45422E9007F00E737DC /* Main.storyboard in Resources */,
			);
			runOnlyForDeploymentPostprocessing = 0;
		};
/* End PBXResourcesBuildPhase section */

/* Begin PBXSourcesBuildPhase section */
		3A1DB44722E9007F00E737DC /* Sources */ = {
			isa = PBXSourcesBuildPhase;
			buildActionMask = 2147483647;
			files = (
				3A1CF0ED22EF89A60034097A /* GameMenuViewController.swift in Sources */,
				3AFE7D4C22F34D4B00BDECEC /* CloudKitController.swift in Sources */,
				3A1DB46722EA167600E737DC /* RedditController.swift in Sources */,
				3AFE7D4A22F34CA000BDECEC /* UserController.swift in Sources */,
				3AFE7D5422F8DD5900BDECEC /* BlockedUser.swift in Sources */,
				3AFE7D5022F4A13400BDECEC /* LeaderboardTableViewCell.swift in Sources */,
				3A1DB46D22ED123400E737DC /* GameTableViewController.swift in Sources */,
				3A1DB44F22E9007F00E737DC /* AppDelegate.swift in Sources */,
				3A1DB46222E9087D00E737DC /* Reddit.swift in Sources */,
				3A1CF0F022EFACB20034097A /* GameTableViewCell.swift in Sources */,
				3AFE7D4E22F3818600BDECEC /* SignInViewController.swift in Sources */,
				3AFE7D4822F348CE00BDECEC /* User.swift in Sources */,
				3AFE7D5222F4AC3600BDECEC /* LeaderboardTableViewController.swift in Sources */,
			);
			runOnlyForDeploymentPostprocessing = 0;
		};
/* End PBXSourcesBuildPhase section */

/* Begin PBXVariantGroup section */
		3A1DB45222E9007F00E737DC /* Main.storyboard */ = {
			isa = PBXVariantGroup;
			children = (
				3A1DB45322E9007F00E737DC /* Base */,
			);
			name = Main.storyboard;
			sourceTree = "<group>";
		};
		3A1DB45722E9008000E737DC /* LaunchScreen.storyboard */ = {
			isa = PBXVariantGroup;
			children = (
				3A1DB45822E9008000E737DC /* Base */,
			);
			name = LaunchScreen.storyboard;
			sourceTree = "<group>";
		};
/* End PBXVariantGroup section */

/* Begin XCBuildConfiguration section */
		3A1DB45B22E9008000E737DC /* Debug */ = {
			isa = XCBuildConfiguration;
			buildSettings = {
				ALWAYS_SEARCH_USER_PATHS = NO;
				CLANG_ANALYZER_NONNULL = YES;
				CLANG_ANALYZER_NUMBER_OBJECT_CONVERSION = YES_AGGRESSIVE;
				CLANG_CXX_LANGUAGE_STANDARD = "gnu++14";
				CLANG_CXX_LIBRARY = "libc++";
				CLANG_ENABLE_MODULES = YES;
				CLANG_ENABLE_OBJC_ARC = YES;
				CLANG_ENABLE_OBJC_WEAK = YES;
				CLANG_WARN_BLOCK_CAPTURE_AUTORELEASING = YES;
				CLANG_WARN_BOOL_CONVERSION = YES;
				CLANG_WARN_COMMA = YES;
				CLANG_WARN_CONSTANT_CONVERSION = YES;
				CLANG_WARN_DEPRECATED_OBJC_IMPLEMENTATIONS = YES;
				CLANG_WARN_DIRECT_OBJC_ISA_USAGE = YES_ERROR;
				CLANG_WARN_DOCUMENTATION_COMMENTS = YES;
				CLANG_WARN_EMPTY_BODY = YES;
				CLANG_WARN_ENUM_CONVERSION = YES;
				CLANG_WARN_INFINITE_RECURSION = YES;
				CLANG_WARN_INT_CONVERSION = YES;
				CLANG_WARN_NON_LITERAL_NULL_CONVERSION = YES;
				CLANG_WARN_OBJC_IMPLICIT_RETAIN_SELF = YES;
				CLANG_WARN_OBJC_LITERAL_CONVERSION = YES;
				CLANG_WARN_OBJC_ROOT_CLASS = YES_ERROR;
				CLANG_WARN_RANGE_LOOP_ANALYSIS = YES;
				CLANG_WARN_STRICT_PROTOTYPES = YES;
				CLANG_WARN_SUSPICIOUS_MOVE = YES;
				CLANG_WARN_UNGUARDED_AVAILABILITY = YES_AGGRESSIVE;
				CLANG_WARN_UNREACHABLE_CODE = YES;
				CLANG_WARN__DUPLICATE_METHOD_MATCH = YES;
				CODE_SIGN_IDENTITY = "iPhone Developer";
				COPY_PHASE_STRIP = NO;
				DEBUG_INFORMATION_FORMAT = dwarf;
				ENABLE_STRICT_OBJC_MSGSEND = YES;
				ENABLE_TESTABILITY = YES;
				GCC_C_LANGUAGE_STANDARD = gnu11;
				GCC_DYNAMIC_NO_PIC = NO;
				GCC_NO_COMMON_BLOCKS = YES;
				GCC_OPTIMIZATION_LEVEL = 0;
				GCC_PREPROCESSOR_DEFINITIONS = (
					"DEBUG=1",
					"$(inherited)",
				);
				GCC_WARN_64_TO_32_BIT_CONVERSION = YES;
				GCC_WARN_ABOUT_RETURN_TYPE = YES_ERROR;
				GCC_WARN_UNDECLARED_SELECTOR = YES;
				GCC_WARN_UNINITIALIZED_AUTOS = YES_AGGRESSIVE;
				GCC_WARN_UNUSED_FUNCTION = YES;
				GCC_WARN_UNUSED_VARIABLE = YES;
				IPHONEOS_DEPLOYMENT_TARGET = 12.4;
				MTL_ENABLE_DEBUG_INFO = INCLUDE_SOURCE;
				MTL_FAST_MATH = YES;
				ONLY_ACTIVE_ARCH = YES;
				SDKROOT = iphoneos;
				SWIFT_ACTIVE_COMPILATION_CONDITIONS = DEBUG;
				SWIFT_OPTIMIZATION_LEVEL = "-Onone";
			};
			name = Debug;
		};
		3A1DB45C22E9008000E737DC /* Release */ = {
			isa = XCBuildConfiguration;
			buildSettings = {
				ALWAYS_SEARCH_USER_PATHS = NO;
				CLANG_ANALYZER_NONNULL = YES;
				CLANG_ANALYZER_NUMBER_OBJECT_CONVERSION = YES_AGGRESSIVE;
				CLANG_CXX_LANGUAGE_STANDARD = "gnu++14";
				CLANG_CXX_LIBRARY = "libc++";
				CLANG_ENABLE_MODULES = YES;
				CLANG_ENABLE_OBJC_ARC = YES;
				CLANG_ENABLE_OBJC_WEAK = YES;
				CLANG_WARN_BLOCK_CAPTURE_AUTORELEASING = YES;
				CLANG_WARN_BOOL_CONVERSION = YES;
				CLANG_WARN_COMMA = YES;
				CLANG_WARN_CONSTANT_CONVERSION = YES;
				CLANG_WARN_DEPRECATED_OBJC_IMPLEMENTATIONS = YES;
				CLANG_WARN_DIRECT_OBJC_ISA_USAGE = YES_ERROR;
				CLANG_WARN_DOCUMENTATION_COMMENTS = YES;
				CLANG_WARN_EMPTY_BODY = YES;
				CLANG_WARN_ENUM_CONVERSION = YES;
				CLANG_WARN_INFINITE_RECURSION = YES;
				CLANG_WARN_INT_CONVERSION = YES;
				CLANG_WARN_NON_LITERAL_NULL_CONVERSION = YES;
				CLANG_WARN_OBJC_IMPLICIT_RETAIN_SELF = YES;
				CLANG_WARN_OBJC_LITERAL_CONVERSION = YES;
				CLANG_WARN_OBJC_ROOT_CLASS = YES_ERROR;
				CLANG_WARN_RANGE_LOOP_ANALYSIS = YES;
				CLANG_WARN_STRICT_PROTOTYPES = YES;
				CLANG_WARN_SUSPICIOUS_MOVE = YES;
				CLANG_WARN_UNGUARDED_AVAILABILITY = YES_AGGRESSIVE;
				CLANG_WARN_UNREACHABLE_CODE = YES;
				CLANG_WARN__DUPLICATE_METHOD_MATCH = YES;
				CODE_SIGN_IDENTITY = "iPhone Developer";
				COPY_PHASE_STRIP = NO;
				DEBUG_INFORMATION_FORMAT = "dwarf-with-dsym";
				ENABLE_NS_ASSERTIONS = NO;
				ENABLE_STRICT_OBJC_MSGSEND = YES;
				GCC_C_LANGUAGE_STANDARD = gnu11;
				GCC_NO_COMMON_BLOCKS = YES;
				GCC_WARN_64_TO_32_BIT_CONVERSION = YES;
				GCC_WARN_ABOUT_RETURN_TYPE = YES_ERROR;
				GCC_WARN_UNDECLARED_SELECTOR = YES;
				GCC_WARN_UNINITIALIZED_AUTOS = YES_AGGRESSIVE;
				GCC_WARN_UNUSED_FUNCTION = YES;
				GCC_WARN_UNUSED_VARIABLE = YES;
				IPHONEOS_DEPLOYMENT_TARGET = 12.4;
				MTL_ENABLE_DEBUG_INFO = NO;
				MTL_FAST_MATH = YES;
				SDKROOT = iphoneos;
				SWIFT_COMPILATION_MODE = wholemodule;
				SWIFT_OPTIMIZATION_LEVEL = "-O";
				VALIDATE_PRODUCT = YES;
			};
			name = Release;
		};
		3A1DB45E22E9008000E737DC /* Debug */ = {
			isa = XCBuildConfiguration;
			buildSettings = {
				ASSETCATALOG_COMPILER_APPICON_NAME = AppIcon;
				CODE_SIGN_ENTITLEMENTS = Guesseddit/Guesseddit.entitlements;
				CODE_SIGN_STYLE = Automatic;
				DEVELOPMENT_TEAM = 49NKW8MQX9;
				INFOPLIST_FILE = "$(SRCROOT)/Guesseddit/Resources/Info.plist";
				LD_RUNPATH_SEARCH_PATHS = (
					"$(inherited)",
					"@executable_path/Frameworks",
				);
				PRODUCT_BUNDLE_IDENTIFIER = com.DrewSeeholzer.Guesseddit;
				PRODUCT_NAME = "$(TARGET_NAME)";
				SWIFT_VERSION = 5.0;
				TARGETED_DEVICE_FAMILY = "1,2";
			};
			name = Debug;
		};
		3A1DB45F22E9008000E737DC /* Release */ = {
			isa = XCBuildConfiguration;
			buildSettings = {
				ASSETCATALOG_COMPILER_APPICON_NAME = AppIcon;
				CODE_SIGN_ENTITLEMENTS = Guesseddit/Guesseddit.entitlements;
				CODE_SIGN_STYLE = Automatic;
				DEVELOPMENT_TEAM = 49NKW8MQX9;
				INFOPLIST_FILE = "$(SRCROOT)/Guesseddit/Resources/Info.plist";
				LD_RUNPATH_SEARCH_PATHS = (
					"$(inherited)",
					"@executable_path/Frameworks",
				);
				PRODUCT_BUNDLE_IDENTIFIER = com.DrewSeeholzer.Guesseddit;
				PRODUCT_NAME = "$(TARGET_NAME)";
				SWIFT_VERSION = 5.0;
				TARGETED_DEVICE_FAMILY = "1,2";
			};
			name = Release;
		};
/* End XCBuildConfiguration section */

/* Begin XCConfigurationList section */
		3A1DB44622E9007F00E737DC /* Build configuration list for PBXProject "Guesseddit" */ = {
			isa = XCConfigurationList;
			buildConfigurations = (
				3A1DB45B22E9008000E737DC /* Debug */,
				3A1DB45C22E9008000E737DC /* Release */,
			);
			defaultConfigurationIsVisible = 0;
			defaultConfigurationName = Release;
		};
		3A1DB45D22E9008000E737DC /* Build configuration list for PBXNativeTarget "Guesseddit" */ = {
			isa = XCConfigurationList;
			buildConfigurations = (
				3A1DB45E22E9008000E737DC /* Debug */,
				3A1DB45F22E9008000E737DC /* Release */,
			);
			defaultConfigurationIsVisible = 0;
			defaultConfigurationName = Release;
		};
/* End XCConfigurationList section */
	};
	rootObject = 3A1DB44322E9007F00E737DC /* Project object */;
}
